
Microsoft Visual Studio Solution File, Format Version 12.00
# Visual Studio Version 16
VisualStudioVersion = 16.0.32228.343
MinimumVisualStudioVersion = 10.0.40219.1
Project("{FAE04EC0-301F-11D3-BF4B-00C04F79EFBC}") = "Prakt2", "Prakt2.csproj", "{8FF5D6A8-9548-4B23-A647-1DA7F9D99A4F}"
EndProject
Project("{9A19103F-16F7-4668-BE54-9A1E7A4F7556}") = "Lib_12", "..\Lib_12\Lib_12.csproj", "{7E86A0C0-43F7-4D98-964D-4D44BBD56848}"
EndProject
Project("{FAE04EC0-301F-11D3-BF4B-00C04F79EFBC}") = "Libmas", "..\Libmas\Libmas.csproj", "{2B01C1FB-39DC-4C22-9E7F-6F399256E7FD}"
EndProject
Global
	GlobalSection(SolutionConfigurationPlatforms) = preSolution
		Debug|Any CPU = Debug|Any CPU
		Release|Any CPU = Release|Any CPU
	EndGlobalSection
	GlobalSection(ProjectConfigurationPlatforms) = postSolution
		{8FF5D6A8-9548-4B23-A647-1DA7F9D99A4F}.Debug|Any CPU.ActiveCfg = Debug|Any CPU
		{8FF5D6A8-9548-4B23-A647-1DA7F9D99A4F}.Debug|Any CPU.Build.0 = Debug|Any CPU
		{8FF5D6A8-9548-4B23-A647-1DA7F9D99A4F}.Release|Any CPU.ActiveCfg = Release|Any CPU
		{8FF5D6A8-9548-4B23-A647-1DA7F9D99A4F}.Release|Any CPU.Build.0 = Release|Any CPU
		{7E86A0C0-43F7-4D98-964D-4D44BBD56848}.Debug|Any CPU.ActiveCfg = Debug|Any CPU
		{7E86A0C0-43F7-4D98-964D-4D44BBD56848}.Debug|Any CPU.Build.0 = Debug|Any CPU
		{7E86A0C0-43F7-4D98-964D-4D44BBD56848}.Release|Any CPU.ActiveCfg = Release|Any CPU
		{7E86A0C0-43F7-4D98-964D-4D44BBD56848}.Release|Any CPU.Build.0 = Release|Any CPU
		{2B01C1FB-39DC-4C22-9E7F-6F399256E7FD}.Debug|Any CPU.ActiveCfg = Debug|Any CPU
		{2B01C1FB-39DC-4C22-9E7F-6F399256E7FD}.Debug|Any CPU.Build.0 = Debug|Any CPU
		{2B01C1FB-39DC-4C22-9E7F-6F399256E7FD}.Release|Any CPU.ActiveCfg = Release|Any CPU
		{2B01C1FB-39DC-4C22-9E7F-6F399256E7FD}.Release|Any CPU.Build.0 = Release|Any CPU
	EndGlobalSection
	GlobalSection(SolutionProperties) = preSolution
		HideSolutionNode = FALSE
	EndGlobalSection
	GlobalSection(ExtensibilityGlobals) = postSolution
		SolutionGuid = {FA690217-FC76-41C2-BE2F-DEECBA0C65CE}
	EndGlobalSection
EndGlobal
